
Microsoft Visual Studio Solution File, Format Version 12.00
# Visual Studio Version 17
VisualStudioVersion = 17.6.33829.357
MinimumVisualStudioVersion = 10.0.40219.1
Project("{FAE04EC0-301F-11D3-BF4B-00C04F79EFBC}") = "NivelamentoCSharp", "NivelamentoCSharp\NivelamentoCSharp.csproj", "{30A502E5-AB3D-40C3-A74A-F69661793A99}"
EndProject
Project("{FAE04EC0-301F-11D3-BF4B-00C04F79EFBC}") = "NivelamentoCSharpII", "NivelamentoCSharpII\NivelamentoCSharpII.csproj", "{48376BD4-0BAF-4745-86BC-9FC58D275840}"
EndProject
Project("{FAE04EC0-301F-11D3-BF4B-00C04F79EFBC}") = "NivelamentoCSharpIII", "NivelamentoCSharpIII\NivelamentoCSharpIII.csproj", "{BA0C15E3-E948-469C-B5C1-F16DAFE754FB}"
EndProject
Project("{FAE04EC0-301F-11D3-BF4B-00C04F79EFBC}") = "NivelamentoCSharpIV", "NivelamentoCSharpIV\NivelamentoCSharpIV.csproj", "{32C70088-5602-467A-8972-63BB1ACA60CD}"
EndProject
Project("{FAE04EC0-301F-11D3-BF4B-00C04F79EFBC}") = "NivelamentoCSharpV", "NivelamentoCSharpV\NivelamentoCSharpV.csproj", "{972179D8-865A-4E98-A005-CDD7472399F2}"
EndProject
Project("{FAE04EC0-301F-11D3-BF4B-00C04F79EFBC}") = "NivelamentoCSharpVI", "NivelamentoCSharpVI\NivelamentoCSharpVI.csproj", "{DEAB332B-DB1C-4895-8F9F-3A99F34095CF}"
EndProject
Global
	GlobalSection(SolutionConfigurationPlatforms) = preSolution
		Debug|Any CPU = Debug|Any CPU
		Release|Any CPU = Release|Any CPU
	EndGlobalSection
	GlobalSection(ProjectConfigurationPlatforms) = postSolution
		{30A502E5-AB3D-40C3-A74A-F69661793A99}.Debug|Any CPU.ActiveCfg = Debug|Any CPU
		{30A502E5-AB3D-40C3-A74A-F69661793A99}.Debug|Any CPU.Build.0 = Debug|Any CPU
		{30A502E5-AB3D-40C3-A74A-F69661793A99}.Release|Any CPU.ActiveCfg = Release|Any CPU
		{30A502E5-AB3D-40C3-A74A-F69661793A99}.Release|Any CPU.Build.0 = Release|Any CPU
		{48376BD4-0BAF-4745-86BC-9FC58D275840}.Debug|Any CPU.ActiveCfg = Debug|Any CPU
		{48376BD4-0BAF-4745-86BC-9FC58D275840}.Debug|Any CPU.Build.0 = Debug|Any CPU
		{48376BD4-0BAF-4745-86BC-9FC58D275840}.Release|Any CPU.ActiveCfg = Release|Any CPU
		{48376BD4-0BAF-4745-86BC-9FC58D275840}.Release|Any CPU.Build.0 = Release|Any CPU
		{BA0C15E3-E948-469C-B5C1-F16DAFE754FB}.Debug|Any CPU.ActiveCfg = Debug|Any CPU
		{BA0C15E3-E948-469C-B5C1-F16DAFE754FB}.Debug|Any CPU.Build.0 = Debug|Any CPU
		{BA0C15E3-E948-469C-B5C1-F16DAFE754FB}.Release|Any CPU.ActiveCfg = Release|Any CPU
		{BA0C15E3-E948-469C-B5C1-F16DAFE754FB}.Release|Any CPU.Build.0 = Release|Any CPU
		{32C70088-5602-467A-8972-63BB1ACA60CD}.Debug|Any CPU.ActiveCfg = Debug|Any CPU
		{32C70088-5602-467A-8972-63BB1ACA60CD}.Debug|Any CPU.Build.0 = Debug|Any CPU
		{32C70088-5602-467A-8972-63BB1ACA60CD}.Release|Any CPU.ActiveCfg = Release|Any CPU
		{32C70088-5602-467A-8972-63BB1ACA60CD}.Release|Any CPU.Build.0 = Release|Any CPU
		{972179D8-865A-4E98-A005-CDD7472399F2}.Debug|Any CPU.ActiveCfg = Debug|Any CPU
		{972179D8-865A-4E98-A005-CDD7472399F2}.Debug|Any CPU.Build.0 = Debug|Any CPU
		{972179D8-865A-4E98-A005-CDD7472399F2}.Release|Any CPU.ActiveCfg = Release|Any CPU
		{972179D8-865A-4E98-A005-CDD7472399F2}.Release|Any CPU.Build.0 = Release|Any CPU
		{DEAB332B-DB1C-4895-8F9F-3A99F34095CF}.Debug|Any CPU.ActiveCfg = Debug|Any CPU
		{DEAB332B-DB1C-4895-8F9F-3A99F34095CF}.Debug|Any CPU.Build.0 = Debug|Any CPU
		{DEAB332B-DB1C-4895-8F9F-3A99F34095CF}.Release|Any CPU.ActiveCfg = Release|Any CPU
		{DEAB332B-DB1C-4895-8F9F-3A99F34095CF}.Release|Any CPU.Build.0 = Release|Any CPU
	EndGlobalSection
	GlobalSection(SolutionProperties) = preSolution
		HideSolutionNode = FALSE
	EndGlobalSection
	GlobalSection(ExtensibilityGlobals) = postSolution
		SolutionGuid = {114ED379-3228-4238-AA23-C351CEF60176}
	EndGlobalSection
EndGlobal
